
Microsoft Visual Studio Solution File, Format Version 12.00
# Visual Studio 15
VisualStudioVersion = 15.0.27703.2035
MinimumVisualStudioVersion = 10.0.40219.1
Project("{FAE04EC0-301F-11D3-BF4B-00C04F79EFBC}") = "App2", "App2\App2.csproj", "{DF594F56-1B14-4F67-8EF2-C17ADA93C644}"
EndProject
Global
	GlobalSection(SolutionConfigurationPlatforms) = preSolution
		Debug|ARM = Debug|ARM
		Debug|x64 = Debug|x64
		Debug|x86 = Debug|x86
		Release|ARM = Release|ARM
		Release|x64 = Release|x64
		Release|x86 = Release|x86
	EndGlobalSection
	GlobalSection(ProjectConfigurationPlatforms) = postSolution
		{DF594F56-1B14-4F67-8EF2-C17ADA93C644}.Debug|ARM.ActiveCfg = Debug|ARM
		{DF594F56-1B14-4F67-8EF2-C17ADA93C644}.Debug|ARM.Build.0 = Debug|ARM
		{DF594F56-1B14-4F67-8EF2-C17ADA93C644}.Debug|ARM.Deploy.0 = Debug|ARM
		{DF594F56-1B14-4F67-8EF2-C17ADA93C644}.Debug|x64.ActiveCfg = Debug|x64
		{DF594F56-1B14-4F67-8EF2-C17ADA93C644}.Debug|x64.Build.0 = Debug|x64
		{DF594F56-1B14-4F67-8EF2-C17ADA93C644}.Debug|x64.Deploy.0 = Debug|x64
		{DF594F56-1B14-4F67-8EF2-C17ADA93C644}.Debug|x86.ActiveCfg = Debug|x86
		{DF594F56-1B14-4F67-8EF2-C17ADA93C644}.Debug|x86.Build.0 = Debug|x86
		{DF594F56-1B14-4F67-8EF2-C17ADA93C644}.Debug|x86.Deploy.0 = Debug|x86
		{DF594F56-1B14-4F67-8EF2-C17ADA93C644}.Release|ARM.ActiveCfg = Release|ARM
		{DF594F56-1B14-4F67-8EF2-C17ADA93C644}.Release|ARM.Build.0 = Release|ARM
		{DF594F56-1B14-4F67-8EF2-C17ADA93C644}.Release|ARM.Deploy.0 = Release|ARM
		{DF594F56-1B14-4F67-8EF2-C17ADA93C644}.Release|x64.ActiveCfg = Release|x64
		{DF594F56-1B14-4F67-8EF2-C17ADA93C644}.Release|x64.Build.0 = Release|x64
		{DF594F56-1B14-4F67-8EF2-C17ADA93C644}.Release|x64.Deploy.0 = Release|x64
		{DF594F56-1B14-4F67-8EF2-C17ADA93C644}.Release|x86.ActiveCfg = Release|x86
		{DF594F56-1B14-4F67-8EF2-C17ADA93C644}.Release|x86.Build.0 = Release|x86
		{DF594F56-1B14-4F67-8EF2-C17ADA93C644}.Release|x86.Deploy.0 = Release|x86
	EndGlobalSection
	GlobalSection(SolutionProperties) = preSolution
		HideSolutionNode = FALSE
	EndGlobalSection
	GlobalSection(ExtensibilityGlobals) = postSolution
		SolutionGuid = {75FE70EE-3B70-4BD0-A287-F6F23396D586}
	EndGlobalSection
EndGlobal
